
Microsoft Visual Studio Solution File, Format Version 12.00
# Visual Studio Version 16
VisualStudioVersion = 16.0.30503.244
MinimumVisualStudioVersion = 10.0.40219.1
Project("{FAE04EC0-301F-11D3-BF4B-00C04F79EFBC}") = "WEReplace1.0", "WEReplace1.0\WEReplace1.0.csproj", "{0F082F4F-8B03-4AC7-91E6-184BC109D268}"
EndProject
Global
	GlobalSection(SolutionConfigurationPlatforms) = preSolution
		Debug|Any CPU = Debug|Any CPU
		Release|Any CPU = Release|Any CPU
	EndGlobalSection
	GlobalSection(ProjectConfigurationPlatforms) = postSolution
		{0F082F4F-8B03-4AC7-91E6-184BC109D268}.Debug|Any CPU.ActiveCfg = Debug|Any CPU
		{0F082F4F-8B03-4AC7-91E6-184BC109D268}.Debug|Any CPU.Build.0 = Debug|Any CPU
		{0F082F4F-8B03-4AC7-91E6-184BC109D268}.Release|Any CPU.ActiveCfg = Release|Any CPU
		{0F082F4F-8B03-4AC7-91E6-184BC109D268}.Release|Any CPU.Build.0 = Release|Any CPU
	EndGlobalSection
	GlobalSection(SolutionProperties) = preSolution
		HideSolutionNode = FALSE
	EndGlobalSection
	GlobalSection(ExtensibilityGlobals) = postSolution
		SolutionGuid = {34760961-E086-402A-BD5E-2DAFDC8FC3C5}
	EndGlobalSection
EndGlobal
